
Microsoft Visual Studio Solution File, Format Version 12.00
# Visual Studio 15
VisualStudioVersion = 15.0.28307.168
MinimumVisualStudioVersion = 10.0.40219.1
Project("{9A19103F-16F7-4668-BE54-9A1E7A4F7556}") = "StreamDeck_First", "StreamDeck_First.csproj", "{18D189D4-0A91-4F85-998C-6D86764FBB49}"
EndProject
Global
	GlobalSection(SolutionConfigurationPlatforms) = preSolution
		Debug|Any CPU = Debug|Any CPU
		Release|Any CPU = Release|Any CPU
	EndGlobalSection
	GlobalSection(ProjectConfigurationPlatforms) = postSolution
		{18D189D4-0A91-4F85-998C-6D86764FBB49}.Debug|Any CPU.ActiveCfg = Debug|Any CPU
		{18D189D4-0A91-4F85-998C-6D86764FBB49}.Debug|Any CPU.Build.0 = Debug|Any CPU
		{18D189D4-0A91-4F85-998C-6D86764FBB49}.Release|Any CPU.ActiveCfg = Release|Any CPU
		{18D189D4-0A91-4F85-998C-6D86764FBB49}.Release|Any CPU.Build.0 = Release|Any CPU
	EndGlobalSection
	GlobalSection(SolutionProperties) = preSolution
		HideSolutionNode = FALSE
	EndGlobalSection
	GlobalSection(ExtensibilityGlobals) = postSolution
		SolutionGuid = {C5036C4A-EAB6-4A37-9D02-1E6D5E77D257}
	EndGlobalSection
EndGlobal
